
Microsoft Visual Studio Solution File, Format Version 12.00
# Visual Studio Version 17
VisualStudioVersion = 17.0.31903.59
MinimumVisualStudioVersion = 10.0.40219.1
Project("{FAE04EC0-301F-11D3-BF4B-00C04F79EFBC}") = "ZooBackend.Tests", "ZooBackend.Tests\ZooBackend.Tests.csproj", "{92A53D2C-B760-474F-9DB3-64FA3F052B6E}"
EndProject
Project("{FAE04EC0-301F-11D3-BF4B-00C04F79EFBC}") = "ZooBackend", "ZooBackend\ZooBackend.csproj", "{DC27B083-F1EE-4CEE-9AE2-0C6651E02DEA}"
EndProject
Global
	GlobalSection(SolutionConfigurationPlatforms) = preSolution
		Debug|Any CPU = Debug|Any CPU
		Release|Any CPU = Release|Any CPU
	EndGlobalSection
	GlobalSection(SolutionProperties) = preSolution
		HideSolutionNode = FALSE
	EndGlobalSection
	GlobalSection(ProjectConfigurationPlatforms) = postSolution
		{92A53D2C-B760-474F-9DB3-64FA3F052B6E}.Debug|Any CPU.ActiveCfg = Debug|Any CPU
		{92A53D2C-B760-474F-9DB3-64FA3F052B6E}.Debug|Any CPU.Build.0 = Debug|Any CPU
		{92A53D2C-B760-474F-9DB3-64FA3F052B6E}.Release|Any CPU.ActiveCfg = Release|Any CPU
		{92A53D2C-B760-474F-9DB3-64FA3F052B6E}.Release|Any CPU.Build.0 = Release|Any CPU
		{DC27B083-F1EE-4CEE-9AE2-0C6651E02DEA}.Debug|Any CPU.ActiveCfg = Debug|Any CPU
		{DC27B083-F1EE-4CEE-9AE2-0C6651E02DEA}.Debug|Any CPU.Build.0 = Debug|Any CPU
		{DC27B083-F1EE-4CEE-9AE2-0C6651E02DEA}.Release|Any CPU.ActiveCfg = Release|Any CPU
		{DC27B083-F1EE-4CEE-9AE2-0C6651E02DEA}.Release|Any CPU.Build.0 = Release|Any CPU
	EndGlobalSection
EndGlobal
